{
  "name": "console-tools",
  "version": "1.0.0",
  "lockfileVersion": 1,
  "requires": true,
  "dependencies": {
    "control-sequence-introducer": {
      "version": "0.0.2",
      "resolved": "https://registry.npm.taobao.org/control-sequence-introducer/download/control-sequence-introducer-0.0.2.tgz",
      "integrity": "sha1-FOyvnq3KJxYy+inftb5KCJNzVGU=",
      "requires": {
        "terminal-escape-char": "*"
      }
    },
    "hide-terminal-cursor": {
      "version": "0.0.1",
      "resolved": "https://registry.npm.taobao.org/hide-terminal-cursor/download/hide-terminal-cursor-0.0.1.tgz",
      "integrity": "sha1-jKZT1fF0jcfUF3IR9znxHXAjWt4=",
      "requires": {
        "control-sequence-introducer": "0.0.2"
      }
    },
    "terminal-escape-char": {
      "version": "0.0.4",
      "resolved": "https://registry.npm.taobao.org/terminal-escape-char/download/terminal-escape-char-0.0.4.tgz",
      "integrity": "sha1-WTzZZKzKZzX3AaV9p2ZccLjxIrA="
    },
    "ttys": {
      "version": "0.0.3",
      "resolved": "https://registry.npm.taobao.org/ttys/download/ttys-0.0.3.tgz"
    }
  }
}
